// !$*UTF8*$!
{
	archiveVersion = 1;
	classes = {
	};
	objectVersion = 46;
	objects = {

/* Begin PBXBuildFile section */
		78C9C88FB55DD9185EF4C712 /* Pods_Plant_iOS.framework in Frameworks */ = {isa = PBXBuildFile; fileRef = E9654C3374B400D35799AA44 /* Pods_Plant_iOS.framework */; };
		F82846531DE9B7B80099E3EC /* TypeImages.swift in Sources */ = {isa = PBXBuildFile; fileRef = F82846521DE9B7B80099E3EC /* TypeImages.swift */; };
		F857C1371DE97C57004D2EC1 /* AppDelegate.swift in Sources */ = {isa = PBXBuildFile; fileRef = F857C1361DE97C57004D2EC1 /* AppDelegate.swift */; };
		F857C1391DE97C57004D2EC1 /* PlantsViewController.swift in Sources */ = {isa = PBXBuildFile; fileRef = F857C1381DE97C57004D2EC1 /* PlantsViewController.swift */; };
		F857C13C1DE97C57004D2EC1 /* Main.storyboard in Resources */ = {isa = PBXBuildFile; fileRef = F857C13A1DE97C57004D2EC1 /* Main.storyboard */; };
		F857C13F1DE97C57004D2EC1 /* Plant_iOS.xcdatamodeld in Sources */ = {isa = PBXBuildFile; fileRef = F857C13D1DE97C57004D2EC1 /* Plant_iOS.xcdatamodeld */; };
		F857C1411DE97C57004D2EC1 /* Assets.xcassets in Resources */ = {isa = PBXBuildFile; fileRef = F857C1401DE97C57004D2EC1 /* Assets.xcassets */; };
		F857C1441DE97C57004D2EC1 /* LaunchScreen.storyboard in Resources */ = {isa = PBXBuildFile; fileRef = F857C1421DE97C57004D2EC1 /* LaunchScreen.storyboard */; };
		F857C14C1DE983C8004D2EC1 /* MessagesViewController.swift in Sources */ = {isa = PBXBuildFile; fileRef = F857C14B1DE983C8004D2EC1 /* MessagesViewController.swift */; };
		F857C14E1DE9846B004D2EC1 /* PlantInfoViewController.swift in Sources */ = {isa = PBXBuildFile; fileRef = F857C14D1DE9846B004D2EC1 /* PlantInfoViewController.swift */; };
		F857C1521DE98913004D2EC1 /* Plant.swift in Sources */ = {isa = PBXBuildFile; fileRef = F857C1511DE98913004D2EC1 /* Plant.swift */; };
		F857C1541DE98A7C004D2EC1 /* Message.swift in Sources */ = {isa = PBXBuildFile; fileRef = F857C1531DE98A7C004D2EC1 /* Message.swift */; };
		F857C1561DE98BA0004D2EC1 /* PlantTableViewCell.swift in Sources */ = {isa = PBXBuildFile; fileRef = F857C1551DE98BA0004D2EC1 /* PlantTableViewCell.swift */; };
		F857C1581DE98BBA004D2EC1 /* MessageTableViewCell.swift in Sources */ = {isa = PBXBuildFile; fileRef = F857C1571DE98BBA004D2EC1 /* MessageTableViewCell.swift */; };
		F857C15E1DE99100004D2EC1 /* AddPlantViewController.swift in Sources */ = {isa = PBXBuildFile; fileRef = F857C15D1DE99100004D2EC1 /* AddPlantViewController.swift */; };
/* End PBXBuildFile section */

/* Begin PBXFileReference section */
		4800023A0650CDD0E0256798 /* Pods-Plant-iOS.debug.xcconfig */ = {isa = PBXFileReference; includeInIndex = 1; lastKnownFileType = text.xcconfig; name = "Pods-Plant-iOS.debug.xcconfig"; path = "Pods/Target Support Files/Pods-Plant-iOS/Pods-Plant-iOS.debug.xcconfig"; sourceTree = "<group>"; };
		6BA601CA5F22303BF138F173 /* Pods-Plant-iOS.release.xcconfig */ = {isa = PBXFileReference; includeInIndex = 1; lastKnownFileType = text.xcconfig; name = "Pods-Plant-iOS.release.xcconfig"; path = "Pods/Target Support Files/Pods-Plant-iOS/Pods-Plant-iOS.release.xcconfig"; sourceTree = "<group>"; };
		E9654C3374B400D35799AA44 /* Pods_Plant_iOS.framework */ = {isa = PBXFileReference; explicitFileType = wrapper.framework; includeInIndex = 0; path = Pods_Plant_iOS.framework; sourceTree = BUILT_PRODUCTS_DIR; };
		F82846521DE9B7B80099E3EC /* TypeImages.swift */ = {isa = PBXFileReference; fileEncoding = 4; lastKnownFileType = sourcecode.swift; path = TypeImages.swift; sourceTree = "<group>"; };
		F857C1331DE97C57004D2EC1 /* Plant-iOS.app */ = {isa = PBXFileReference; explicitFileType = wrapper.application; includeInIndex = 0; path = "Plant-iOS.app"; sourceTree = BUILT_PRODUCTS_DIR; };
		F857C1361DE97C57004D2EC1 /* AppDelegate.swift */ = {isa = PBXFileReference; lastKnownFileType = sourcecode.swift; path = AppDelegate.swift; sourceTree = "<group>"; };
		F857C1381DE97C57004D2EC1 /* PlantsViewController.swift */ = {isa = PBXFileReference; lastKnownFileType = sourcecode.swift; path = PlantsViewController.swift; sourceTree = "<group>"; };
		F857C13B1DE97C57004D2EC1 /* Base */ = {isa = PBXFileReference; lastKnownFileType = file.storyboard; name = Base; path = Base.lproj/Main.storyboard; sourceTree = "<group>"; };
		F857C13E1DE97C57004D2EC1 /* Plant_iOS.xcdatamodel */ = {isa = PBXFileReference; lastKnownFileType = wrapper.xcdatamodel; path = Plant_iOS.xcdatamodel; sourceTree = "<group>"; };
		F857C1401DE97C57004D2EC1 /* Assets.xcassets */ = {isa = PBXFileReference; lastKnownFileType = folder.assetcatalog; path = Assets.xcassets; sourceTree = "<group>"; };
		F857C1431DE97C57004D2EC1 /* Base */ = {isa = PBXFileReference; lastKnownFileType = file.storyboard; name = Base; path = Base.lproj/LaunchScreen.storyboard; sourceTree = "<group>"; };
		F857C1451DE97C57004D2EC1 /* Info.plist */ = {isa = PBXFileReference; lastKnownFileType = text.plist.xml; path = Info.plist; sourceTree = "<group>"; };
		F857C14B1DE983C8004D2EC1 /* MessagesViewController.swift */ = {isa = PBXFileReference; fileEncoding = 4; lastKnownFileType = sourcecode.swift; path = MessagesViewController.swift; sourceTree = "<group>"; };
		F857C14D1DE9846B004D2EC1 /* PlantInfoViewController.swift */ = {isa = PBXFileReference; fileEncoding = 4; lastKnownFileType = sourcecode.swift; path = PlantInfoViewController.swift; sourceTree = "<group>"; };
		F857C1511DE98913004D2EC1 /* Plant.swift */ = {isa = PBXFileReference; fileEncoding = 4; lastKnownFileType = sourcecode.swift; path = Plant.swift; sourceTree = "<group>"; };
		F857C1531DE98A7C004D2EC1 /* Message.swift */ = {isa = PBXFileReference; fileEncoding = 4; lastKnownFileType = sourcecode.swift; path = Message.swift; sourceTree = "<group>"; };
		F857C1551DE98BA0004D2EC1 /* PlantTableViewCell.swift */ = {isa = PBXFileReference; fileEncoding = 4; lastKnownFileType = sourcecode.swift; path = PlantTableViewCell.swift; sourceTree = "<group>"; };
		F857C1571DE98BBA004D2EC1 /* MessageTableViewCell.swift */ = {isa = PBXFileReference; fileEncoding = 4; lastKnownFileType = sourcecode.swift; path = MessageTableViewCell.swift; sourceTree = "<group>"; };
		F857C15D1DE99100004D2EC1 /* AddPlantViewController.swift */ = {isa = PBXFileReference; fileEncoding = 4; lastKnownFileType = sourcecode.swift; path = AddPlantViewController.swift; sourceTree = "<group>"; };
/* End PBXFileReference section */

/* Begin PBXFrameworksBuildPhase section */
		F857C1301DE97C57004D2EC1 /* Frameworks */ = {
			isa = PBXFrameworksBuildPhase;
			buildActionMask = 2147483647;
			files = (
				78C9C88FB55DD9185EF4C712 /* Pods_Plant_iOS.framework in Frameworks */,
			);
			runOnlyForDeploymentPostprocessing = 0;
		};
/* End PBXFrameworksBuildPhase section */

/* Begin PBXGroup section */
		1698DF48CF73E84DB9FF84FE /* Pods */ = {
			isa = PBXGroup;
			children = (
				4800023A0650CDD0E0256798 /* Pods-Plant-iOS.debug.xcconfig */,
				6BA601CA5F22303BF138F173 /* Pods-Plant-iOS.release.xcconfig */,
			);
			name = Pods;
			sourceTree = "<group>";
		};
		3208387907EA074BC9246ED0 /* Frameworks */ = {
			isa = PBXGroup;
			children = (
				E9654C3374B400D35799AA44 /* Pods_Plant_iOS.framework */,
			);
			name = Frameworks;
			sourceTree = "<group>";
		};
		F857C12A1DE97C57004D2EC1 = {
			isa = PBXGroup;
			children = (
				F857C1351DE97C57004D2EC1 /* Plant-iOS */,
				F857C1341DE97C57004D2EC1 /* Products */,
				1698DF48CF73E84DB9FF84FE /* Pods */,
				3208387907EA074BC9246ED0 /* Frameworks */,
			);
			sourceTree = "<group>";
		};
		F857C1341DE97C57004D2EC1 /* Products */ = {
			isa = PBXGroup;
			children = (
				F857C1331DE97C57004D2EC1 /* Plant-iOS.app */,
			);
			name = Products;
			sourceTree = "<group>";
		};
		F857C1351DE97C57004D2EC1 /* Plant-iOS */ = {
			isa = PBXGroup;
			children = (
				F857C13A1DE97C57004D2EC1 /* Main.storyboard */,
				F857C1591DE98BE2004D2EC1 /* Supporting Files */,
				F857C15A1DE98C10004D2EC1 /* Controllers */,
				F857C15B1DE98C21004D2EC1 /* Models */,
				F857C15C1DE98C33004D2EC1 /* ViewCells */,
			);
			path = "Plant-iOS";
			sourceTree = "<group>";
		};
		F857C1591DE98BE2004D2EC1 /* Supporting Files */ = {
			isa = PBXGroup;
			children = (
				F857C1361DE97C57004D2EC1 /* AppDelegate.swift */,
				F857C1401DE97C57004D2EC1 /* Assets.xcassets */,
				F857C1421DE97C57004D2EC1 /* LaunchScreen.storyboard */,
				F857C1451DE97C57004D2EC1 /* Info.plist */,
				F857C13D1DE97C57004D2EC1 /* Plant_iOS.xcdatamodeld */,
			);
			name = "Supporting Files";
			sourceTree = "<group>";
		};
		F857C15A1DE98C10004D2EC1 /* Controllers */ = {
			isa = PBXGroup;
			children = (
				F857C1381DE97C57004D2EC1 /* PlantsViewController.swift */,
				F857C14B1DE983C8004D2EC1 /* MessagesViewController.swift */,
				F857C14D1DE9846B004D2EC1 /* PlantInfoViewController.swift */,
				F857C15D1DE99100004D2EC1 /* AddPlantViewController.swift */,
			);
			name = Controllers;
			sourceTree = "<group>";
		};
		F857C15B1DE98C21004D2EC1 /* Models */ = {
			isa = PBXGroup;
			children = (
				F857C1511DE98913004D2EC1 /* Plant.swift */,
				F857C1531DE98A7C004D2EC1 /* Message.swift */,
				F82846521DE9B7B80099E3EC /* TypeImages.swift */,
			);
			name = Models;
			sourceTree = "<group>";
		};
		F857C15C1DE98C33004D2EC1 /* ViewCells */ = {
			isa = PBXGroup;
			children = (
				F857C1551DE98BA0004D2EC1 /* PlantTableViewCell.swift */,
				F857C1571DE98BBA004D2EC1 /* MessageTableViewCell.swift */,
			);
			name = ViewCells;
			sourceTree = "<group>";
		};
/* End PBXGroup section */

/* Begin PBXNativeTarget section */
		F857C1321DE97C57004D2EC1 /* Plant-iOS */ = {
			isa = PBXNativeTarget;
			buildConfigurationList = F857C1481DE97C57004D2EC1 /* Build configuration list for PBXNativeTarget "Plant-iOS" */;
			buildPhases = (
				B5A924B386A4F12C09AA9D21 /* [CP] Check Pods Manifest.lock */,
				F857C12F1DE97C57004D2EC1 /* Sources */,
				F857C1301DE97C57004D2EC1 /* Frameworks */,
				F857C1311DE97C57004D2EC1 /* Resources */,
				8F9B46BCE4B87EA31267E156 /* [CP] Embed Pods Frameworks */,
				84505CD91ADE303DA63A9D00 /* [CP] Copy Pods Resources */,
			);
			buildRules = (
			);
			dependencies = (
			);
			name = "Plant-iOS";
			productName = "Plant-iOS";
			productReference = F857C1331DE97C57004D2EC1 /* Plant-iOS.app */;
			productType = "com.apple.product-type.application";
		};
/* End PBXNativeTarget section */

/* Begin PBXProject section */
		F857C12B1DE97C57004D2EC1 /* Project object */ = {
			isa = PBXProject;
			attributes = {
				LastSwiftUpdateCheck = 0800;
				LastUpgradeCheck = 0800;
				ORGANIZATIONNAME = "Li Maoqi";
				TargetAttributes = {
					F857C1321DE97C57004D2EC1 = {
						CreatedOnToolsVersion = 8.0;
						DevelopmentTeam = 9VPLXE5668;
						LastSwiftMigration = 0810;
						ProvisioningStyle = Automatic;
					};
				};
			};
			buildConfigurationList = F857C12E1DE97C57004D2EC1 /* Build configuration list for PBXProject "Plant-iOS" */;
			compatibilityVersion = "Xcode 3.2";
			developmentRegion = English;
			hasScannedForEncodings = 0;
			knownRegions = (
				en,
				Base,
			);
			mainGroup = F857C12A1DE97C57004D2EC1;
			productRefGroup = F857C1341DE97C57004D2EC1 /* Products */;
			projectDirPath = "";
			projectRoot = "";
			targets = (
				F857C1321DE97C57004D2EC1 /* Plant-iOS */,
			);
		};
/* End PBXProject section */

/* Begin PBXResourcesBuildPhase section */
		F857C1311DE97C57004D2EC1 /* Resources */ = {
			isa = PBXResourcesBuildPhase;
			buildActionMask = 2147483647;
			files = (
				F857C1441DE97C57004D2EC1 /* LaunchScreen.storyboard in Resources */,
				F857C1411DE97C57004D2EC1 /* Assets.xcassets in Resources */,
				F857C13C1DE97C57004D2EC1 /* Main.storyboard in Resources */,
			);
			runOnlyForDeploymentPostprocessing = 0;
		};
/* End PBXResourcesBuildPhase section */

/* Begin PBXShellScriptBuildPhase section */
		84505CD91ADE303DA63A9D00 /* [CP] Copy Pods Resources */ = {
			isa = PBXShellScriptBuildPhase;
			buildActionMask = 2147483647;
			files = (
			);
			inputPaths = (
			);
			name = "[CP] Copy Pods Resources";
			outputPaths = (
			);
			runOnlyForDeploymentPostprocessing = 0;
			shellPath = /bin/sh;
			shellScript = "\"${SRCROOT}/Pods/Target Support Files/Pods-Plant-iOS/Pods-Plant-iOS-resources.sh\"\n";
			showEnvVarsInLog = 0;
		};
		8F9B46BCE4B87EA31267E156 /* [CP] Embed Pods Frameworks */ = {
			isa = PBXShellScriptBuildPhase;
			buildActionMask = 2147483647;
			files = (
			);
			inputPaths = (
			);
			name = "[CP] Embed Pods Frameworks";
			outputPaths = (
			);
			runOnlyForDeploymentPostprocessing = 0;
			shellPath = /bin/sh;
			shellScript = "\"${SRCROOT}/Pods/Target Support Files/Pods-Plant-iOS/Pods-Plant-iOS-frameworks.sh\"\n";
			showEnvVarsInLog = 0;
		};
		B5A924B386A4F12C09AA9D21 /* [CP] Check Pods Manifest.lock */ = {
			isa = PBXShellScriptBuildPhase;
			buildActionMask = 2147483647;
			files = (
			);
			inputPaths = (
			);
			name = "[CP] Check Pods Manifest.lock";
			outputPaths = (
			);
			runOnlyForDeploymentPostprocessing = 0;
			shellPath = /bin/sh;
			shellScript = "diff \"${PODS_ROOT}/../Podfile.lock\" \"${PODS_ROOT}/Manifest.lock\" > /dev/null\nif [ $? != 0 ] ; then\n    # print error to STDERR\n    echo \"error: The sandbox is not in sync with the Podfile.lock. Run 'pod install' or update your CocoaPods installation.\" >&2\n    exit 1\nfi\n";
			showEnvVarsInLog = 0;
		};
/* End PBXShellScriptBuildPhase section */

/* Begin PBXSourcesBuildPhase section */
		F857C12F1DE97C57004D2EC1 /* Sources */ = {
			isa = PBXSourcesBuildPhase;
			buildActionMask = 2147483647;
			files = (
				F857C14E1DE9846B004D2EC1 /* PlantInfoViewController.swift in Sources */,
				F857C1391DE97C57004D2EC1 /* PlantsViewController.swift in Sources */,
				F857C1521DE98913004D2EC1 /* Plant.swift in Sources */,
				F82846531DE9B7B80099E3EC /* TypeImages.swift in Sources */,
				F857C1581DE98BBA004D2EC1 /* MessageTableViewCell.swift in Sources */,
				F857C1371DE97C57004D2EC1 /* AppDelegate.swift in Sources */,
				F857C1561DE98BA0004D2EC1 /* PlantTableViewCell.swift in Sources */,
				F857C14C1DE983C8004D2EC1 /* MessagesViewController.swift in Sources */,
				F857C1541DE98A7C004D2EC1 /* Message.swift in Sources */,
				F857C15E1DE99100004D2EC1 /* AddPlantViewController.swift in Sources */,
				F857C13F1DE97C57004D2EC1 /* Plant_iOS.xcdatamodeld in Sources */,
			);
			runOnlyForDeploymentPostprocessing = 0;
		};
/* End PBXSourcesBuildPhase section */

/* Begin PBXVariantGroup section */
		F857C13A1DE97C57004D2EC1 /* Main.storyboard */ = {
			isa = PBXVariantGroup;
			children = (
				F857C13B1DE97C57004D2EC1 /* Base */,
			);
			name = Main.storyboard;
			sourceTree = "<group>";
		};
		F857C1421DE97C57004D2EC1 /* LaunchScreen.storyboard */ = {
			isa = PBXVariantGroup;
			children = (
				F857C1431DE97C57004D2EC1 /* Base */,
			);
			name = LaunchScreen.storyboard;
			sourceTree = "<group>";
		};
/* End PBXVariantGroup section */

/* Begin XCBuildConfiguration section */
		F857C1461DE97C57004D2EC1 /* Debug */ = {
			isa = XCBuildConfiguration;
			buildSettings = {
				ALWAYS_SEARCH_USER_PATHS = NO;
				CLANG_ANALYZER_NONNULL = YES;
				CLANG_CXX_LANGUAGE_STANDARD = "gnu++0x";
				CLANG_CXX_LIBRARY = "libc++";
				CLANG_ENABLE_MODULES = YES;
				CLANG_ENABLE_OBJC_ARC = YES;
				CLANG_WARN_BOOL_CONVERSION = YES;
				CLANG_WARN_CONSTANT_CONVERSION = YES;
				CLANG_WARN_DIRECT_OBJC_ISA_USAGE = YES_ERROR;
				CLANG_WARN_DOCUMENTATION_COMMENTS = YES;
				CLANG_WARN_EMPTY_BODY = YES;
				CLANG_WARN_ENUM_CONVERSION = YES;
				CLANG_WARN_INFINITE_RECURSION = YES;
				CLANG_WARN_INT_CONVERSION = YES;
				CLANG_WARN_OBJC_ROOT_CLASS = YES_ERROR;
				CLANG_WARN_SUSPICIOUS_MOVES = YES;
				CLANG_WARN_UNREACHABLE_CODE = YES;
				CLANG_WARN__DUPLICATE_METHOD_MATCH = YES;
				"CODE_SIGN_IDENTITY[sdk=iphoneos*]" = "iPhone Developer";
				COPY_PHASE_STRIP = NO;
				DEBUG_INFORMATION_FORMAT = dwarf;
				ENABLE_STRICT_OBJC_MSGSEND = YES;
				ENABLE_TESTABILITY = YES;
				GCC_C_LANGUAGE_STANDARD = gnu99;
				GCC_DYNAMIC_NO_PIC = NO;
				GCC_NO_COMMON_BLOCKS = YES;
				GCC_OPTIMIZATION_LEVEL = 0;
				GCC_PREPROCESSOR_DEFINITIONS = (
					"DEBUG=1",
					"$(inherited)",
				);
				GCC_WARN_64_TO_32_BIT_CONVERSION = YES;
				GCC_WARN_ABOUT_RETURN_TYPE = YES_ERROR;
				GCC_WARN_UNDECLARED_SELECTOR = YES;
				GCC_WARN_UNINITIALIZED_AUTOS = YES_AGGRESSIVE;
				GCC_WARN_UNUSED_FUNCTION = YES;
				GCC_WARN_UNUSED_VARIABLE = YES;
				IPHONEOS_DEPLOYMENT_TARGET = 10.0;
				MTL_ENABLE_DEBUG_INFO = YES;
				ONLY_ACTIVE_ARCH = YES;
				SDKROOT = iphoneos;
				SWIFT_ACTIVE_COMPILATION_CONDITIONS = DEBUG;
				SWIFT_OPTIMIZATION_LEVEL = "-Onone";
				TARGETED_DEVICE_FAMILY = "1,2";
			};
			name = Debug;
		};
		F857C1471DE97C57004D2EC1 /* Release */ = {
			isa = XCBuildConfiguration;
			buildSettings = {
				ALWAYS_SEARCH_USER_PATHS = NO;
				CLANG_ANALYZER_NONNULL = YES;
				CLANG_CXX_LANGUAGE_STANDARD = "gnu++0x";
				CLANG_CXX_LIBRARY = "libc++";
				CLANG_ENABLE_MODULES = YES;
				CLANG_ENABLE_OBJC_ARC = YES;
				CLANG_WARN_BOOL_CONVERSION = YES;
				CLANG_WARN_CONSTANT_CONVERSION = YES;
				CLANG_WARN_DIRECT_OBJC_ISA_USAGE = YES_ERROR;
				CLANG_WARN_DOCUMENTATION_COMMENTS = YES;
				CLANG_WARN_EMPTY_BODY = YES;
				CLANG_WARN_ENUM_CONVERSION = YES;
				CLANG_WARN_INFINITE_RECURSION = YES;
				CLANG_WARN_INT_CONVERSION = YES;
				CLANG_WARN_OBJC_ROOT_CLASS = YES_ERROR;
				CLANG_WARN_SUSPICIOUS_MOVES = YES;
				CLANG_WARN_UNREACHABLE_CODE = YES;
				CLANG_WARN__DUPLICATE_METHOD_MATCH = YES;
				"CODE_SIGN_IDENTITY[sdk=iphoneos*]" = "iPhone Developer";
				COPY_PHASE_STRIP = NO;
				DEBUG_INFORMATION_FORMAT = "dwarf-with-dsym";
				ENABLE_NS_ASSERTIONS = NO;
				ENABLE_STRICT_OBJC_MSGSEND = YES;
				GCC_C_LANGUAGE_STANDARD = gnu99;
				GCC_NO_COMMON_BLOCKS = YES;
				GCC_WARN_64_TO_32_BIT_CONVERSION = YES;
				GCC_WARN_ABOUT_RETURN_TYPE = YES_ERROR;
				GCC_WARN_UNDECLARED_SELECTOR = YES;
				GCC_WARN_UNINITIALIZED_AUTOS = YES_AGGRESSIVE;
				GCC_WARN_UNUSED_FUNCTION = YES;
				GCC_WARN_UNUSED_VARIABLE = YES;
				IPHONEOS_DEPLOYMENT_TARGET = 10.0;
				MTL_ENABLE_DEBUG_INFO = NO;
				SDKROOT = iphoneos;
				SWIFT_OPTIMIZATION_LEVEL = "-Owholemodule";
				TARGETED_DEVICE_FAMILY = "1,2";
				VALIDATE_PRODUCT = YES;
			};
			name = Release;
		};
		F857C1491DE97C57004D2EC1 /* Debug */ = {
			isa = XCBuildConfiguration;
			baseConfigurationReference = 4800023A0650CDD0E0256798 /* Pods-Plant-iOS.debug.xcconfig */;
			buildSettings = {
				ASSETCATALOG_COMPILER_APPICON_NAME = AppIcon;
				DEVELOPMENT_TEAM = 9VPLXE5668;
				INFOPLIST_FILE = "Plant-iOS/Info.plist";
				LD_RUNPATH_SEARCH_PATHS = "$(inherited) @executable_path/Frameworks";
				PRODUCT_BUNDLE_IDENTIFIER = "com.limaoqi.Plant-iOS";
				PRODUCT_NAME = "$(TARGET_NAME)";
				SWIFT_VERSION = 3.0;
			};
			name = Debug;
		};
		F857C14A1DE97C57004D2EC1 /* Release */ = {
			isa = XCBuildConfiguration;
			baseConfigurationReference = 6BA601CA5F22303BF138F173 /* Pods-Plant-iOS.release.xcconfig */;
			buildSettings = {
				ASSETCATALOG_COMPILER_APPICON_NAME = AppIcon;
				DEVELOPMENT_TEAM = 9VPLXE5668;
				INFOPLIST_FILE = "Plant-iOS/Info.plist";
				LD_RUNPATH_SEARCH_PATHS = "$(inherited) @executable_path/Frameworks";
				PRODUCT_BUNDLE_IDENTIFIER = "com.limaoqi.Plant-iOS";
				PRODUCT_NAME = "$(TARGET_NAME)";
				SWIFT_VERSION = 3.0;
			};
			name = Release;
		};
/* End XCBuildConfiguration section */

/* Begin XCConfigurationList section */
		F857C12E1DE97C57004D2EC1 /* Build configuration list for PBXProject "Plant-iOS" */ = {
			isa = XCConfigurationList;
			buildConfigurations = (
				F857C1461DE97C57004D2EC1 /* Debug */,
				F857C1471DE97C57004D2EC1 /* Release */,
			);
			defaultConfigurationIsVisible = 0;
			defaultConfigurationName = Release;
		};
		F857C1481DE97C57004D2EC1 /* Build configuration list for PBXNativeTarget "Plant-iOS" */ = {
			isa = XCConfigurationList;
			buildConfigurations = (
				F857C1491DE97C57004D2EC1 /* Debug */,
				F857C14A1DE97C57004D2EC1 /* Release */,
			);
			defaultConfigurationIsVisible = 0;
			defaultConfigurationName = Release;
		};
/* End XCConfigurationList section */

/* Begin XCVersionGroup section */
		F857C13D1DE97C57004D2EC1 /* Plant_iOS.xcdatamodeld */ = {
			isa = XCVersionGroup;
			children = (
				F857C13E1DE97C57004D2EC1 /* Plant_iOS.xcdatamodel */,
			);
			currentVersion = F857C13E1DE97C57004D2EC1 /* Plant_iOS.xcdatamodel */;
			path = Plant_iOS.xcdatamodeld;
			sourceTree = "<group>";
			versionGroupType = wrapper.xcdatamodel;
		};
/* End XCVersionGroup section */
	};
	rootObject = F857C12B1DE97C57004D2EC1 /* Project object */;
}
