PODS:
  - Alamofire (4.0.1)
  - SwiftyJSON (3.1.1)

DEPENDENCIES:
  - Alamofire (~> 4.0)
  - SwiftyJSON

SPEC CHECKSUMS:
  Alamofire: 7682d43245de14874acd142ec137b144aa1dd335
  SwiftyJSON: f0be2e604f83e8405a624e9f891898bf6ed4e019

PODFILE CHECKSUM: a9b92bc2cc5a941b7c20cf6d82d70f1c79ab38a9

COCOAPODS: 1.1.1
