PODS:
  - Alamofire (4.0.1)
  - SwiftChart (0.3.0)
  - SwiftyJSON (3.1.1)

DEPENDENCIES:
  - Alamofire (~> 4.0)
  - SwiftChart
  - SwiftyJSON

SPEC CHECKSUMS:
  Alamofire: 7682d43245de14874acd142ec137b144aa1dd335
  SwiftChart: 39b48ba287a9f77a2a958726ff58fc05d5d9129f
  SwiftyJSON: f0be2e604f83e8405a624e9f891898bf6ed4e019

PODFILE CHECKSUM: 243e59a06b2b5a81749a4a53abe096bc3c818809

COCOAPODS: 1.0.1
